// !$*UTF8*$!
{
	archiveVersion = 1;
	classes = {
	};
	objectVersion = 55;
	objects = {

/* Begin PBXBuildFile section */
		D3166AEB270CEC99009159BB /* weather_appApp.swift in Sources */ = {isa = PBXBuildFile; fileRef = D3166AEA270CEC99009159BB /* weather_appApp.swift */; };
		D3166AED270CEC99009159BB /* HomeView.swift in Sources */ = {isa = PBXBuildFile; fileRef = D3166AEC270CEC99009159BB /* HomeView.swift */; };
		D3166AEF270CEC9C009159BB /* Assets.xcassets in Resources */ = {isa = PBXBuildFile; fileRef = D3166AEE270CEC9C009159BB /* Assets.xcassets */; };
		D3166AF2270CEC9C009159BB /* Preview Assets.xcassets in Resources */ = {isa = PBXBuildFile; fileRef = D3166AF1270CEC9C009159BB /* Preview Assets.xcassets */; };
		D3166AFC270CEC9D009159BB /* weather_appTests.swift in Sources */ = {isa = PBXBuildFile; fileRef = D3166AFB270CEC9D009159BB /* weather_appTests.swift */; };
		D3166B06270CEC9D009159BB /* weather_appUITests.swift in Sources */ = {isa = PBXBuildFile; fileRef = D3166B05270CEC9D009159BB /* weather_appUITests.swift */; };
		D3166B08270CEC9D009159BB /* weather_appUITestsLaunchTests.swift in Sources */ = {isa = PBXBuildFile; fileRef = D3166B07270CEC9D009159BB /* weather_appUITestsLaunchTests.swift */; };
		D3166B16270CF19B009159BB /* Weather.swift in Sources */ = {isa = PBXBuildFile; fileRef = D3166B15270CF19B009159BB /* Weather.swift */; };
		D3555664270DF00A00C5E183 /* OffsetPageTabView.swift in Sources */ = {isa = PBXBuildFile; fileRef = D3555663270DF00A00C5E183 /* OffsetPageTabView.swift */; };
		D3555667270DF08700C5E183 /* HomeViewModel.swift in Sources */ = {isa = PBXBuildFile; fileRef = D3555666270DF08700C5E183 /* HomeViewModel.swift */; };
		D3555669270DF0C100C5E183 /* WeatherPageView.swift in Sources */ = {isa = PBXBuildFile; fileRef = D3555668270DF0C100C5E183 /* WeatherPageView.swift */; };
		D355566E270DFF6100C5E183 /* TempCardView.swift in Sources */ = {isa = PBXBuildFile; fileRef = D355566D270DFF6100C5E183 /* TempCardView.swift */; };
		D3555671270E04DB00C5E183 /* TempCardViewModel.swift in Sources */ = {isa = PBXBuildFile; fileRef = D3555670270E04DB00C5E183 /* TempCardViewModel.swift */; };
		D3555674270E05A900C5E183 /* WeatherPageViewModel.swift in Sources */ = {isa = PBXBuildFile; fileRef = D3555673270E05A900C5E183 /* WeatherPageViewModel.swift */; };
		D3555676270E144800C5E183 /* SmallCardView.swift in Sources */ = {isa = PBXBuildFile; fileRef = D3555675270E144800C5E183 /* SmallCardView.swift */; };
		D3555678270E15E100C5E183 /* SmalCardViewModel.swift in Sources */ = {isa = PBXBuildFile; fileRef = D3555677270E15E100C5E183 /* SmalCardViewModel.swift */; };
		D3555697270E193100C5E183 /* BlurView.swift in Sources */ = {isa = PBXBuildFile; fileRef = D3555696270E193100C5E183 /* BlurView.swift */; };
		D355569A270E364D00C5E183 /* SunCardView.swift in Sources */ = {isa = PBXBuildFile; fileRef = D3555699270E364D00C5E183 /* SunCardView.swift */; };
		D355569C270E4B1500C5E183 /* IntExtension.swift in Sources */ = {isa = PBXBuildFile; fileRef = D355569B270E4B1500C5E183 /* IntExtension.swift */; };
/* End PBXBuildFile section */

/* Begin PBXContainerItemProxy section */
		D3166AF8270CEC9D009159BB /* PBXContainerItemProxy */ = {
			isa = PBXContainerItemProxy;
			containerPortal = D3166ADF270CEC99009159BB /* Project object */;
			proxyType = 1;
			remoteGlobalIDString = D3166AE6270CEC99009159BB;
			remoteInfo = "weather-app";
		};
		D3166B02270CEC9D009159BB /* PBXContainerItemProxy */ = {
			isa = PBXContainerItemProxy;
			containerPortal = D3166ADF270CEC99009159BB /* Project object */;
			proxyType = 1;
			remoteGlobalIDString = D3166AE6270CEC99009159BB;
			remoteInfo = "weather-app";
		};
/* End PBXContainerItemProxy section */

/* Begin PBXFileReference section */
		D3166AE7270CEC99009159BB /* weather-app.app */ = {isa = PBXFileReference; explicitFileType = wrapper.application; includeInIndex = 0; path = "weather-app.app"; sourceTree = BUILT_PRODUCTS_DIR; };
		D3166AEA270CEC99009159BB /* weather_appApp.swift */ = {isa = PBXFileReference; lastKnownFileType = sourcecode.swift; path = weather_appApp.swift; sourceTree = "<group>"; };
		D3166AEC270CEC99009159BB /* HomeView.swift */ = {isa = PBXFileReference; lastKnownFileType = sourcecode.swift; path = HomeView.swift; sourceTree = "<group>"; };
		D3166AEE270CEC9C009159BB /* Assets.xcassets */ = {isa = PBXFileReference; lastKnownFileType = folder.assetcatalog; path = Assets.xcassets; sourceTree = "<group>"; };
		D3166AF1270CEC9C009159BB /* Preview Assets.xcassets */ = {isa = PBXFileReference; lastKnownFileType = folder.assetcatalog; path = "Preview Assets.xcassets"; sourceTree = "<group>"; };
		D3166AF7270CEC9D009159BB /* weather-appTests.xctest */ = {isa = PBXFileReference; explicitFileType = wrapper.cfbundle; includeInIndex = 0; path = "weather-appTests.xctest"; sourceTree = BUILT_PRODUCTS_DIR; };
		D3166AFB270CEC9D009159BB /* weather_appTests.swift */ = {isa = PBXFileReference; lastKnownFileType = sourcecode.swift; path = weather_appTests.swift; sourceTree = "<group>"; };
		D3166B01270CEC9D009159BB /* weather-appUITests.xctest */ = {isa = PBXFileReference; explicitFileType = wrapper.cfbundle; includeInIndex = 0; path = "weather-appUITests.xctest"; sourceTree = BUILT_PRODUCTS_DIR; };
		D3166B05270CEC9D009159BB /* weather_appUITests.swift */ = {isa = PBXFileReference; lastKnownFileType = sourcecode.swift; path = weather_appUITests.swift; sourceTree = "<group>"; };
		D3166B07270CEC9D009159BB /* weather_appUITestsLaunchTests.swift */ = {isa = PBXFileReference; lastKnownFileType = sourcecode.swift; path = weather_appUITestsLaunchTests.swift; sourceTree = "<group>"; };
		D3166B15270CF19B009159BB /* Weather.swift */ = {isa = PBXFileReference; lastKnownFileType = sourcecode.swift; path = Weather.swift; sourceTree = "<group>"; };
		D3555663270DF00A00C5E183 /* OffsetPageTabView.swift */ = {isa = PBXFileReference; lastKnownFileType = sourcecode.swift; path = OffsetPageTabView.swift; sourceTree = "<group>"; };
		D3555666270DF08700C5E183 /* HomeViewModel.swift */ = {isa = PBXFileReference; lastKnownFileType = sourcecode.swift; path = HomeViewModel.swift; sourceTree = "<group>"; };
		D3555668270DF0C100C5E183 /* WeatherPageView.swift */ = {isa = PBXFileReference; lastKnownFileType = sourcecode.swift; path = WeatherPageView.swift; sourceTree = "<group>"; };
		D355566D270DFF6100C5E183 /* TempCardView.swift */ = {isa = PBXFileReference; lastKnownFileType = sourcecode.swift; path = TempCardView.swift; sourceTree = "<group>"; };
		D3555670270E04DB00C5E183 /* TempCardViewModel.swift */ = {isa = PBXFileReference; lastKnownFileType = sourcecode.swift; path = TempCardViewModel.swift; sourceTree = "<group>"; };
		D3555673270E05A900C5E183 /* WeatherPageViewModel.swift */ = {isa = PBXFileReference; lastKnownFileType = sourcecode.swift; path = WeatherPageViewModel.swift; sourceTree = "<group>"; };
		D3555675270E144800C5E183 /* SmallCardView.swift */ = {isa = PBXFileReference; lastKnownFileType = sourcecode.swift; path = SmallCardView.swift; sourceTree = "<group>"; };
		D3555677270E15E100C5E183 /* SmalCardViewModel.swift */ = {isa = PBXFileReference; lastKnownFileType = sourcecode.swift; path = SmalCardViewModel.swift; sourceTree = "<group>"; };
		D3555696270E193100C5E183 /* BlurView.swift */ = {isa = PBXFileReference; lastKnownFileType = sourcecode.swift; path = BlurView.swift; sourceTree = "<group>"; };
		D3555699270E364D00C5E183 /* SunCardView.swift */ = {isa = PBXFileReference; lastKnownFileType = sourcecode.swift; path = SunCardView.swift; sourceTree = "<group>"; };
		D355569B270E4B1500C5E183 /* IntExtension.swift */ = {isa = PBXFileReference; lastKnownFileType = sourcecode.swift; path = IntExtension.swift; sourceTree = "<group>"; };
/* End PBXFileReference section */

/* Begin PBXFrameworksBuildPhase section */
		D3166AE4270CEC99009159BB /* Frameworks */ = {
			isa = PBXFrameworksBuildPhase;
			buildActionMask = 2147483647;
			files = (
			);
			runOnlyForDeploymentPostprocessing = 0;
		};
		D3166AF4270CEC9D009159BB /* Frameworks */ = {
			isa = PBXFrameworksBuildPhase;
			buildActionMask = 2147483647;
			files = (
			);
			runOnlyForDeploymentPostprocessing = 0;
		};
		D3166AFE270CEC9D009159BB /* Frameworks */ = {
			isa = PBXFrameworksBuildPhase;
			buildActionMask = 2147483647;
			files = (
			);
			runOnlyForDeploymentPostprocessing = 0;
		};
/* End PBXFrameworksBuildPhase section */

/* Begin PBXGroup section */
		D3166ADE270CEC99009159BB = {
			isa = PBXGroup;
			children = (
				D3166AE9270CEC99009159BB /* weather-app */,
				D3166AFA270CEC9D009159BB /* weather-appTests */,
				D3166B04270CEC9D009159BB /* weather-appUITests */,
				D3166AE8270CEC99009159BB /* Products */,
			);
			sourceTree = "<group>";
		};
		D3166AE8270CEC99009159BB /* Products */ = {
			isa = PBXGroup;
			children = (
				D3166AE7270CEC99009159BB /* weather-app.app */,
				D3166AF7270CEC9D009159BB /* weather-appTests.xctest */,
				D3166B01270CEC9D009159BB /* weather-appUITests.xctest */,
			);
			name = Products;
			sourceTree = "<group>";
		};
		D3166AE9270CEC99009159BB /* weather-app */ = {
			isa = PBXGroup;
			children = (
				D3166AEA270CEC99009159BB /* weather_appApp.swift */,
				D3166AEE270CEC9C009159BB /* Assets.xcassets */,
				D3555665270DF07400C5E183 /* HomeView */,
				D3555672270E058F00C5E183 /* WeatherPageView */,
				D3555662270DEFCE00C5E183 /* ComponentsUI */,
				D3166B14270CF175009159BB /* Model */,
				D3166AF0270CEC9C009159BB /* Preview Content */,
				D355569B270E4B1500C5E183 /* IntExtension.swift */,
			);
			path = "weather-app";
			sourceTree = "<group>";
		};
		D3166AF0270CEC9C009159BB /* Preview Content */ = {
			isa = PBXGroup;
			children = (
				D3166AF1270CEC9C009159BB /* Preview Assets.xcassets */,
			);
			path = "Preview Content";
			sourceTree = "<group>";
		};
		D3166AFA270CEC9D009159BB /* weather-appTests */ = {
			isa = PBXGroup;
			children = (
				D3166AFB270CEC9D009159BB /* weather_appTests.swift */,
			);
			path = "weather-appTests";
			sourceTree = "<group>";
		};
		D3166B04270CEC9D009159BB /* weather-appUITests */ = {
			isa = PBXGroup;
			children = (
				D3166B05270CEC9D009159BB /* weather_appUITests.swift */,
				D3166B07270CEC9D009159BB /* weather_appUITestsLaunchTests.swift */,
			);
			path = "weather-appUITests";
			sourceTree = "<group>";
		};
		D3166B14270CF175009159BB /* Model */ = {
			isa = PBXGroup;
			children = (
				D3166B15270CF19B009159BB /* Weather.swift */,
			);
			path = Model;
			sourceTree = "<group>";
		};
		D3555662270DEFCE00C5E183 /* ComponentsUI */ = {
			isa = PBXGroup;
			children = (
				D3555696270E193100C5E183 /* BlurView.swift */,
				D3555663270DF00A00C5E183 /* OffsetPageTabView.swift */,
				D355566A270DFF1D00C5E183 /* CardsViews */,
			);
			path = ComponentsUI;
			sourceTree = "<group>";
		};
		D3555665270DF07400C5E183 /* HomeView */ = {
			isa = PBXGroup;
			children = (
				D3166AEC270CEC99009159BB /* HomeView.swift */,
				D3555666270DF08700C5E183 /* HomeViewModel.swift */,
			);
			path = HomeView;
			sourceTree = "<group>";
		};
		D355566A270DFF1D00C5E183 /* CardsViews */ = {
			isa = PBXGroup;
			children = (
				D3555698270E362F00C5E183 /* SunCard */,
				D3555679270E15F700C5E183 /* SmallCard */,
				D355566F270E042A00C5E183 /* TempCard */,
			);
			path = CardsViews;
			sourceTree = "<group>";
		};
		D355566F270E042A00C5E183 /* TempCard */ = {
			isa = PBXGroup;
			children = (
				D355566D270DFF6100C5E183 /* TempCardView.swift */,
				D3555670270E04DB00C5E183 /* TempCardViewModel.swift */,
			);
			path = TempCard;
			sourceTree = "<group>";
		};
		D3555672270E058F00C5E183 /* WeatherPageView */ = {
			isa = PBXGroup;
			children = (
				D3555668270DF0C100C5E183 /* WeatherPageView.swift */,
				D3555673270E05A900C5E183 /* WeatherPageViewModel.swift */,
			);
			path = WeatherPageView;
			sourceTree = "<group>";
		};
		D3555679270E15F700C5E183 /* SmallCard */ = {
			isa = PBXGroup;
			children = (
				D3555677270E15E100C5E183 /* SmalCardViewModel.swift */,
				D3555675270E144800C5E183 /* SmallCardView.swift */,
			);
			path = SmallCard;
			sourceTree = "<group>";
		};
		D3555698270E362F00C5E183 /* SunCard */ = {
			isa = PBXGroup;
			children = (
				D3555699270E364D00C5E183 /* SunCardView.swift */,
			);
			path = SunCard;
			sourceTree = "<group>";
		};
/* End PBXGroup section */

/* Begin PBXNativeTarget section */
		D3166AE6270CEC99009159BB /* weather-app */ = {
			isa = PBXNativeTarget;
			buildConfigurationList = D3166B0B270CEC9D009159BB /* Build configuration list for PBXNativeTarget "weather-app" */;
			buildPhases = (
				D3166AE3270CEC99009159BB /* Sources */,
				D3166AE4270CEC99009159BB /* Frameworks */,
				D3166AE5270CEC99009159BB /* Resources */,
			);
			buildRules = (
			);
			dependencies = (
			);
			name = "weather-app";
			productName = "weather-app";
			productReference = D3166AE7270CEC99009159BB /* weather-app.app */;
			productType = "com.apple.product-type.application";
		};
		D3166AF6270CEC9D009159BB /* weather-appTests */ = {
			isa = PBXNativeTarget;
			buildConfigurationList = D3166B0E270CEC9D009159BB /* Build configuration list for PBXNativeTarget "weather-appTests" */;
			buildPhases = (
				D3166AF3270CEC9D009159BB /* Sources */,
				D3166AF4270CEC9D009159BB /* Frameworks */,
				D3166AF5270CEC9D009159BB /* Resources */,
			);
			buildRules = (
			);
			dependencies = (
				D3166AF9270CEC9D009159BB /* PBXTargetDependency */,
			);
			name = "weather-appTests";
			productName = "weather-appTests";
			productReference = D3166AF7270CEC9D009159BB /* weather-appTests.xctest */;
			productType = "com.apple.product-type.bundle.unit-test";
		};
		D3166B00270CEC9D009159BB /* weather-appUITests */ = {
			isa = PBXNativeTarget;
			buildConfigurationList = D3166B11270CEC9D009159BB /* Build configuration list for PBXNativeTarget "weather-appUITests" */;
			buildPhases = (
				D3166AFD270CEC9D009159BB /* Sources */,
				D3166AFE270CEC9D009159BB /* Frameworks */,
				D3166AFF270CEC9D009159BB /* Resources */,
			);
			buildRules = (
			);
			dependencies = (
				D3166B03270CEC9D009159BB /* PBXTargetDependency */,
			);
			name = "weather-appUITests";
			productName = "weather-appUITests";
			productReference = D3166B01270CEC9D009159BB /* weather-appUITests.xctest */;
			productType = "com.apple.product-type.bundle.ui-testing";
		};
/* End PBXNativeTarget section */

/* Begin PBXProject section */
		D3166ADF270CEC99009159BB /* Project object */ = {
			isa = PBXProject;
			attributes = {
				BuildIndependentTargetsInParallel = 1;
				LastSwiftUpdateCheck = 1300;
				LastUpgradeCheck = 1300;
				TargetAttributes = {
					D3166AE6270CEC99009159BB = {
						CreatedOnToolsVersion = 13.0;
					};
					D3166AF6270CEC9D009159BB = {
						CreatedOnToolsVersion = 13.0;
						TestTargetID = D3166AE6270CEC99009159BB;
					};
					D3166B00270CEC9D009159BB = {
						CreatedOnToolsVersion = 13.0;
						TestTargetID = D3166AE6270CEC99009159BB;
					};
				};
			};
			buildConfigurationList = D3166AE2270CEC99009159BB /* Build configuration list for PBXProject "weather-app" */;
			compatibilityVersion = "Xcode 13.0";
			developmentRegion = en;
			hasScannedForEncodings = 0;
			knownRegions = (
				en,
				Base,
			);
			mainGroup = D3166ADE270CEC99009159BB;
			productRefGroup = D3166AE8270CEC99009159BB /* Products */;
			projectDirPath = "";
			projectRoot = "";
			targets = (
				D3166AE6270CEC99009159BB /* weather-app */,
				D3166AF6270CEC9D009159BB /* weather-appTests */,
				D3166B00270CEC9D009159BB /* weather-appUITests */,
			);
		};
/* End PBXProject section */

/* Begin PBXResourcesBuildPhase section */
		D3166AE5270CEC99009159BB /* Resources */ = {
			isa = PBXResourcesBuildPhase;
			buildActionMask = 2147483647;
			files = (
				D3166AF2270CEC9C009159BB /* Preview Assets.xcassets in Resources */,
				D3166AEF270CEC9C009159BB /* Assets.xcassets in Resources */,
			);
			runOnlyForDeploymentPostprocessing = 0;
		};
		D3166AF5270CEC9D009159BB /* Resources */ = {
			isa = PBXResourcesBuildPhase;
			buildActionMask = 2147483647;
			files = (
			);
			runOnlyForDeploymentPostprocessing = 0;
		};
		D3166AFF270CEC9D009159BB /* Resources */ = {
			isa = PBXResourcesBuildPhase;
			buildActionMask = 2147483647;
			files = (
			);
			runOnlyForDeploymentPostprocessing = 0;
		};
/* End PBXResourcesBuildPhase section */

/* Begin PBXSourcesBuildPhase section */
		D3166AE3270CEC99009159BB /* Sources */ = {
			isa = PBXSourcesBuildPhase;
			buildActionMask = 2147483647;
			files = (
				D355566E270DFF6100C5E183 /* TempCardView.swift in Sources */,
				D3555676270E144800C5E183 /* SmallCardView.swift in Sources */,
				D3555678270E15E100C5E183 /* SmalCardViewModel.swift in Sources */,
				D3166AED270CEC99009159BB /* HomeView.swift in Sources */,
				D3166B16270CF19B009159BB /* Weather.swift in Sources */,
				D3555697270E193100C5E183 /* BlurView.swift in Sources */,
				D3555664270DF00A00C5E183 /* OffsetPageTabView.swift in Sources */,
				D3555667270DF08700C5E183 /* HomeViewModel.swift in Sources */,
				D355569A270E364D00C5E183 /* SunCardView.swift in Sources */,
				D355569C270E4B1500C5E183 /* IntExtension.swift in Sources */,
				D3555674270E05A900C5E183 /* WeatherPageViewModel.swift in Sources */,
				D3555669270DF0C100C5E183 /* WeatherPageView.swift in Sources */,
				D3555671270E04DB00C5E183 /* TempCardViewModel.swift in Sources */,
				D3166AEB270CEC99009159BB /* weather_appApp.swift in Sources */,
			);
			runOnlyForDeploymentPostprocessing = 0;
		};
		D3166AF3270CEC9D009159BB /* Sources */ = {
			isa = PBXSourcesBuildPhase;
			buildActionMask = 2147483647;
			files = (
				D3166AFC270CEC9D009159BB /* weather_appTests.swift in Sources */,
			);
			runOnlyForDeploymentPostprocessing = 0;
		};
		D3166AFD270CEC9D009159BB /* Sources */ = {
			isa = PBXSourcesBuildPhase;
			buildActionMask = 2147483647;
			files = (
				D3166B06270CEC9D009159BB /* weather_appUITests.swift in Sources */,
				D3166B08270CEC9D009159BB /* weather_appUITestsLaunchTests.swift in Sources */,
			);
			runOnlyForDeploymentPostprocessing = 0;
		};
/* End PBXSourcesBuildPhase section */

/* Begin PBXTargetDependency section */
		D3166AF9270CEC9D009159BB /* PBXTargetDependency */ = {
			isa = PBXTargetDependency;
			target = D3166AE6270CEC99009159BB /* weather-app */;
			targetProxy = D3166AF8270CEC9D009159BB /* PBXContainerItemProxy */;
		};
		D3166B03270CEC9D009159BB /* PBXTargetDependency */ = {
			isa = PBXTargetDependency;
			target = D3166AE6270CEC99009159BB /* weather-app */;
			targetProxy = D3166B02270CEC9D009159BB /* PBXContainerItemProxy */;
		};
/* End PBXTargetDependency section */

/* Begin XCBuildConfiguration section */
		D3166B09270CEC9D009159BB /* Debug */ = {
			isa = XCBuildConfiguration;
			buildSettings = {
				ALWAYS_SEARCH_USER_PATHS = NO;
				CLANG_ANALYZER_NONNULL = YES;
				CLANG_ANALYZER_NUMBER_OBJECT_CONVERSION = YES_AGGRESSIVE;
				CLANG_CXX_LANGUAGE_STANDARD = "gnu++17";
				CLANG_CXX_LIBRARY = "libc++";
				CLANG_ENABLE_MODULES = YES;
				CLANG_ENABLE_OBJC_ARC = YES;
				CLANG_ENABLE_OBJC_WEAK = YES;
				CLANG_WARN_BLOCK_CAPTURE_AUTORELEASING = YES;
				CLANG_WARN_BOOL_CONVERSION = YES;
				CLANG_WARN_COMMA = YES;
				CLANG_WARN_CONSTANT_CONVERSION = YES;
				CLANG_WARN_DEPRECATED_OBJC_IMPLEMENTATIONS = YES;
				CLANG_WARN_DIRECT_OBJC_ISA_USAGE = YES_ERROR;
				CLANG_WARN_DOCUMENTATION_COMMENTS = YES;
				CLANG_WARN_EMPTY_BODY = YES;
				CLANG_WARN_ENUM_CONVERSION = YES;
				CLANG_WARN_INFINITE_RECURSION = YES;
				CLANG_WARN_INT_CONVERSION = YES;
				CLANG_WARN_NON_LITERAL_NULL_CONVERSION = YES;
				CLANG_WARN_OBJC_IMPLICIT_RETAIN_SELF = YES;
				CLANG_WARN_OBJC_LITERAL_CONVERSION = YES;
				CLANG_WARN_OBJC_ROOT_CLASS = YES_ERROR;
				CLANG_WARN_QUOTED_INCLUDE_IN_FRAMEWORK_HEADER = YES;
				CLANG_WARN_RANGE_LOOP_ANALYSIS = YES;
				CLANG_WARN_STRICT_PROTOTYPES = YES;
				CLANG_WARN_SUSPICIOUS_MOVE = YES;
				CLANG_WARN_UNGUARDED_AVAILABILITY = YES_AGGRESSIVE;
				CLANG_WARN_UNREACHABLE_CODE = YES;
				CLANG_WARN__DUPLICATE_METHOD_MATCH = YES;
				COPY_PHASE_STRIP = NO;
				DEBUG_INFORMATION_FORMAT = dwarf;
				ENABLE_STRICT_OBJC_MSGSEND = YES;
				ENABLE_TESTABILITY = YES;
				GCC_C_LANGUAGE_STANDARD = gnu11;
				GCC_DYNAMIC_NO_PIC = NO;
				GCC_NO_COMMON_BLOCKS = YES;
				GCC_OPTIMIZATION_LEVEL = 0;
				GCC_PREPROCESSOR_DEFINITIONS = (
					"DEBUG=1",
					"$(inherited)",
				);
				GCC_WARN_64_TO_32_BIT_CONVERSION = YES;
				GCC_WARN_ABOUT_RETURN_TYPE = YES_ERROR;
				GCC_WARN_UNDECLARED_SELECTOR = YES;
				GCC_WARN_UNINITIALIZED_AUTOS = YES_AGGRESSIVE;
				GCC_WARN_UNUSED_FUNCTION = YES;
				GCC_WARN_UNUSED_VARIABLE = YES;
				IPHONEOS_DEPLOYMENT_TARGET = 15.0;
				MTL_ENABLE_DEBUG_INFO = INCLUDE_SOURCE;
				MTL_FAST_MATH = YES;
				ONLY_ACTIVE_ARCH = YES;
				SDKROOT = iphoneos;
				SWIFT_ACTIVE_COMPILATION_CONDITIONS = DEBUG;
				SWIFT_OPTIMIZATION_LEVEL = "-Onone";
			};
			name = Debug;
		};
		D3166B0A270CEC9D009159BB /* Release */ = {
			isa = XCBuildConfiguration;
			buildSettings = {
				ALWAYS_SEARCH_USER_PATHS = NO;
				CLANG_ANALYZER_NONNULL = YES;
				CLANG_ANALYZER_NUMBER_OBJECT_CONVERSION = YES_AGGRESSIVE;
				CLANG_CXX_LANGUAGE_STANDARD = "gnu++17";
				CLANG_CXX_LIBRARY = "libc++";
				CLANG_ENABLE_MODULES = YES;
				CLANG_ENABLE_OBJC_ARC = YES;
				CLANG_ENABLE_OBJC_WEAK = YES;
				CLANG_WARN_BLOCK_CAPTURE_AUTORELEASING = YES;
				CLANG_WARN_BOOL_CONVERSION = YES;
				CLANG_WARN_COMMA = YES;
				CLANG_WARN_CONSTANT_CONVERSION = YES;
				CLANG_WARN_DEPRECATED_OBJC_IMPLEMENTATIONS = YES;
				CLANG_WARN_DIRECT_OBJC_ISA_USAGE = YES_ERROR;
				CLANG_WARN_DOCUMENTATION_COMMENTS = YES;
				CLANG_WARN_EMPTY_BODY = YES;
				CLANG_WARN_ENUM_CONVERSION = YES;
				CLANG_WARN_INFINITE_RECURSION = YES;
				CLANG_WARN_INT_CONVERSION = YES;
				CLANG_WARN_NON_LITERAL_NULL_CONVERSION = YES;
				CLANG_WARN_OBJC_IMPLICIT_RETAIN_SELF = YES;
				CLANG_WARN_OBJC_LITERAL_CONVERSION = YES;
				CLANG_WARN_OBJC_ROOT_CLASS = YES_ERROR;
				CLANG_WARN_QUOTED_INCLUDE_IN_FRAMEWORK_HEADER = YES;
				CLANG_WARN_RANGE_LOOP_ANALYSIS = YES;
				CLANG_WARN_STRICT_PROTOTYPES = YES;
				CLANG_WARN_SUSPICIOUS_MOVE = YES;
				CLANG_WARN_UNGUARDED_AVAILABILITY = YES_AGGRESSIVE;
				CLANG_WARN_UNREACHABLE_CODE = YES;
				CLANG_WARN__DUPLICATE_METHOD_MATCH = YES;
				COPY_PHASE_STRIP = NO;
				DEBUG_INFORMATION_FORMAT = "dwarf-with-dsym";
				ENABLE_NS_ASSERTIONS = NO;
				ENABLE_STRICT_OBJC_MSGSEND = YES;
				GCC_C_LANGUAGE_STANDARD = gnu11;
				GCC_NO_COMMON_BLOCKS = YES;
				GCC_WARN_64_TO_32_BIT_CONVERSION = YES;
				GCC_WARN_ABOUT_RETURN_TYPE = YES_ERROR;
				GCC_WARN_UNDECLARED_SELECTOR = YES;
				GCC_WARN_UNINITIALIZED_AUTOS = YES_AGGRESSIVE;
				GCC_WARN_UNUSED_FUNCTION = YES;
				GCC_WARN_UNUSED_VARIABLE = YES;
				IPHONEOS_DEPLOYMENT_TARGET = 15.0;
				MTL_ENABLE_DEBUG_INFO = NO;
				MTL_FAST_MATH = YES;
				SDKROOT = iphoneos;
				SWIFT_COMPILATION_MODE = wholemodule;
				SWIFT_OPTIMIZATION_LEVEL = "-O";
				VALIDATE_PRODUCT = YES;
			};
			name = Release;
		};
		D3166B0C270CEC9D009159BB /* Debug */ = {
			isa = XCBuildConfiguration;
			buildSettings = {
				ASSETCATALOG_COMPILER_APPICON_NAME = AppIcon;
				ASSETCATALOG_COMPILER_GLOBAL_ACCENT_COLOR_NAME = AccentColor;
				CODE_SIGN_STYLE = Automatic;
				CURRENT_PROJECT_VERSION = 1;
				DEVELOPMENT_ASSET_PATHS = "\"weather-app/Preview Content\"";
				DEVELOPMENT_TEAM = DZ6N356P2W;
				ENABLE_PREVIEWS = YES;
				GENERATE_INFOPLIST_FILE = YES;
				INFOPLIST_KEY_UIApplicationSceneManifest_Generation = YES;
				INFOPLIST_KEY_UIApplicationSupportsIndirectInputEvents = YES;
				INFOPLIST_KEY_UILaunchScreen_Generation = YES;
				INFOPLIST_KEY_UISupportedInterfaceOrientations_iPad = "UIInterfaceOrientationPortrait UIInterfaceOrientationPortraitUpsideDown UIInterfaceOrientationLandscapeLeft UIInterfaceOrientationLandscapeRight";
				INFOPLIST_KEY_UISupportedInterfaceOrientations_iPhone = "UIInterfaceOrientationPortrait UIInterfaceOrientationLandscapeLeft UIInterfaceOrientationLandscapeRight";
				IPHONEOS_DEPLOYMENT_TARGET = 14.0;
				LD_RUNPATH_SEARCH_PATHS = (
					"$(inherited)",
					"@executable_path/Frameworks",
				);
				MARKETING_VERSION = 1.0;
				PRODUCT_BUNDLE_IDENTIFIER = "com.focusdev.weather-app";
				PRODUCT_NAME = "$(TARGET_NAME)";
				SWIFT_EMIT_LOC_STRINGS = YES;
				SWIFT_VERSION = 5.0;
				TARGETED_DEVICE_FAMILY = "1,2";
			};
			name = Debug;
		};
		D3166B0D270CEC9D009159BB /* Release */ = {
			isa = XCBuildConfiguration;
			buildSettings = {
				ASSETCATALOG_COMPILER_APPICON_NAME = AppIcon;
				ASSETCATALOG_COMPILER_GLOBAL_ACCENT_COLOR_NAME = AccentColor;
				CODE_SIGN_STYLE = Automatic;
				CURRENT_PROJECT_VERSION = 1;
				DEVELOPMENT_ASSET_PATHS = "\"weather-app/Preview Content\"";
				DEVELOPMENT_TEAM = DZ6N356P2W;
				ENABLE_PREVIEWS = YES;
				GENERATE_INFOPLIST_FILE = YES;
				INFOPLIST_KEY_UIApplicationSceneManifest_Generation = YES;
				INFOPLIST_KEY_UIApplicationSupportsIndirectInputEvents = YES;
				INFOPLIST_KEY_UILaunchScreen_Generation = YES;
				INFOPLIST_KEY_UISupportedInterfaceOrientations_iPad = "UIInterfaceOrientationPortrait UIInterfaceOrientationPortraitUpsideDown UIInterfaceOrientationLandscapeLeft UIInterfaceOrientationLandscapeRight";
				INFOPLIST_KEY_UISupportedInterfaceOrientations_iPhone = "UIInterfaceOrientationPortrait UIInterfaceOrientationLandscapeLeft UIInterfaceOrientationLandscapeRight";
				IPHONEOS_DEPLOYMENT_TARGET = 14.0;
				LD_RUNPATH_SEARCH_PATHS = (
					"$(inherited)",
					"@executable_path/Frameworks",
				);
				MARKETING_VERSION = 1.0;
				PRODUCT_BUNDLE_IDENTIFIER = "com.focusdev.weather-app";
				PRODUCT_NAME = "$(TARGET_NAME)";
				SWIFT_EMIT_LOC_STRINGS = YES;
				SWIFT_VERSION = 5.0;
				TARGETED_DEVICE_FAMILY = "1,2";
			};
			name = Release;
		};
		D3166B0F270CEC9D009159BB /* Debug */ = {
			isa = XCBuildConfiguration;
			buildSettings = {
				ALWAYS_EMBED_SWIFT_STANDARD_LIBRARIES = YES;
				BUNDLE_LOADER = "$(TEST_HOST)";
				CODE_SIGN_STYLE = Automatic;
				CURRENT_PROJECT_VERSION = 1;
				DEVELOPMENT_TEAM = DZ6N356P2W;
				GENERATE_INFOPLIST_FILE = YES;
				IPHONEOS_DEPLOYMENT_TARGET = 14.0;
				LD_RUNPATH_SEARCH_PATHS = (
					"$(inherited)",
					"@executable_path/Frameworks",
					"@loader_path/Frameworks",
				);
				MARKETING_VERSION = 1.0;
				PRODUCT_BUNDLE_IDENTIFIER = "com.focusdev.weather-appTests";
				PRODUCT_NAME = "$(TARGET_NAME)";
				SWIFT_EMIT_LOC_STRINGS = NO;
				SWIFT_VERSION = 5.0;
				TARGETED_DEVICE_FAMILY = "1,2";
				TEST_HOST = "$(BUILT_PRODUCTS_DIR)/weather-app.app/weather-app";
			};
			name = Debug;
		};
		D3166B10270CEC9D009159BB /* Release */ = {
			isa = XCBuildConfiguration;
			buildSettings = {
				ALWAYS_EMBED_SWIFT_STANDARD_LIBRARIES = YES;
				BUNDLE_LOADER = "$(TEST_HOST)";
				CODE_SIGN_STYLE = Automatic;
				CURRENT_PROJECT_VERSION = 1;
				DEVELOPMENT_TEAM = DZ6N356P2W;
				GENERATE_INFOPLIST_FILE = YES;
				IPHONEOS_DEPLOYMENT_TARGET = 14.0;
				LD_RUNPATH_SEARCH_PATHS = (
					"$(inherited)",
					"@executable_path/Frameworks",
					"@loader_path/Frameworks",
				);
				MARKETING_VERSION = 1.0;
				PRODUCT_BUNDLE_IDENTIFIER = "com.focusdev.weather-appTests";
				PRODUCT_NAME = "$(TARGET_NAME)";
				SWIFT_EMIT_LOC_STRINGS = NO;
				SWIFT_VERSION = 5.0;
				TARGETED_DEVICE_FAMILY = "1,2";
				TEST_HOST = "$(BUILT_PRODUCTS_DIR)/weather-app.app/weather-app";
			};
			name = Release;
		};
		D3166B12270CEC9D009159BB /* Debug */ = {
			isa = XCBuildConfiguration;
			buildSettings = {
				ALWAYS_EMBED_SWIFT_STANDARD_LIBRARIES = YES;
				CODE_SIGN_STYLE = Automatic;
				CURRENT_PROJECT_VERSION = 1;
				DEVELOPMENT_TEAM = DZ6N356P2W;
				GENERATE_INFOPLIST_FILE = YES;
				LD_RUNPATH_SEARCH_PATHS = (
					"$(inherited)",
					"@executable_path/Frameworks",
					"@loader_path/Frameworks",
				);
				MARKETING_VERSION = 1.0;
				PRODUCT_BUNDLE_IDENTIFIER = "com.focusdev.weather-appUITests";
				PRODUCT_NAME = "$(TARGET_NAME)";
				SWIFT_EMIT_LOC_STRINGS = NO;
				SWIFT_VERSION = 5.0;
				TARGETED_DEVICE_FAMILY = "1,2";
				TEST_TARGET_NAME = "weather-app";
			};
			name = Debug;
		};
		D3166B13270CEC9D009159BB /* Release */ = {
			isa = XCBuildConfiguration;
			buildSettings = {
				ALWAYS_EMBED_SWIFT_STANDARD_LIBRARIES = YES;
				CODE_SIGN_STYLE = Automatic;
				CURRENT_PROJECT_VERSION = 1;
				DEVELOPMENT_TEAM = DZ6N356P2W;
				GENERATE_INFOPLIST_FILE = YES;
				LD_RUNPATH_SEARCH_PATHS = (
					"$(inherited)",
					"@executable_path/Frameworks",
					"@loader_path/Frameworks",
				);
				MARKETING_VERSION = 1.0;
				PRODUCT_BUNDLE_IDENTIFIER = "com.focusdev.weather-appUITests";
				PRODUCT_NAME = "$(TARGET_NAME)";
				SWIFT_EMIT_LOC_STRINGS = NO;
				SWIFT_VERSION = 5.0;
				TARGETED_DEVICE_FAMILY = "1,2";
				TEST_TARGET_NAME = "weather-app";
			};
			name = Release;
		};
/* End XCBuildConfiguration section */

/* Begin XCConfigurationList section */
		D3166AE2270CEC99009159BB /* Build configuration list for PBXProject "weather-app" */ = {
			isa = XCConfigurationList;
			buildConfigurations = (
				D3166B09270CEC9D009159BB /* Debug */,
				D3166B0A270CEC9D009159BB /* Release */,
			);
			defaultConfigurationIsVisible = 0;
			defaultConfigurationName = Release;
		};
		D3166B0B270CEC9D009159BB /* Build configuration list for PBXNativeTarget "weather-app" */ = {
			isa = XCConfigurationList;
			buildConfigurations = (
				D3166B0C270CEC9D009159BB /* Debug */,
				D3166B0D270CEC9D009159BB /* Release */,
			);
			defaultConfigurationIsVisible = 0;
			defaultConfigurationName = Release;
		};
		D3166B0E270CEC9D009159BB /* Build configuration list for PBXNativeTarget "weather-appTests" */ = {
			isa = XCConfigurationList;
			buildConfigurations = (
				D3166B0F270CEC9D009159BB /* Debug */,
				D3166B10270CEC9D009159BB /* Release */,
			);
			defaultConfigurationIsVisible = 0;
			defaultConfigurationName = Release;
		};
		D3166B11270CEC9D009159BB /* Build configuration list for PBXNativeTarget "weather-appUITests" */ = {
			isa = XCConfigurationList;
			buildConfigurations = (
				D3166B12270CEC9D009159BB /* Debug */,
				D3166B13270CEC9D009159BB /* Release */,
			);
			defaultConfigurationIsVisible = 0;
			defaultConfigurationName = Release;
		};
/* End XCConfigurationList section */
	};
	rootObject = D3166ADF270CEC99009159BB /* Project object */;
}
